{
  "object": {
    "pins": [
      {
        "package": "RxSwift",
        "repositoryURL": "https://github.com/ReactiveX/RxSwift.git",
        "state": {
          "branch": null,
          "revision": "7c17a6ccca06b5c107cfa4284e634562ddaf5951",
          "version": "6.2.0"
        }
      },
      {
        "package": "SwiftCheck",
        "repositoryURL": "https://github.com/bow-swift/SwiftCheck.git",
        "state": {
          "branch": null,
          "revision": "748359f9a95edf94d0c4664102f104f56b1ff1fb",
          "version": "0.12.1"
        }
      }
    ]
  },
  "version": 1
}
